
Microsoft Visual Studio Solution File, Format Version 10.00
# Visual Studio 2008
Project("{8BC9CEB8-8B4A-11D0-8D11-00A0C91BC942}") = "TeaPot", "TeaPot.vcproj", "{8A4E2057-262C-4B47-B1BC-FED11B766EED}"
EndProject
Global
	GlobalSection(SolutionConfigurationPlatforms) = preSolution
		Debug|Win32 = Debug|Win32
		Release|Win32 = Release|Win32
	EndGlobalSection
	GlobalSection(ProjectConfigurationPlatforms) = postSolution
		{8A4E2057-262C-4B47-B1BC-FED11B766EED}.Debug|Win32.ActiveCfg = Debug|Win32
		{8A4E2057-262C-4B47-B1BC-FED11B766EED}.Debug|Win32.Build.0 = Debug|Win32
		{8A4E2057-262C-4B47-B1BC-FED11B766EED}.Release|Win32.ActiveCfg = Release|Win32
		{8A4E2057-262C-4B47-B1BC-FED11B766EED}.Release|Win32.Build.0 = Release|Win32
	EndGlobalSection
	GlobalSection(SolutionProperties) = preSolution
		HideSolutionNode = FALSE
	EndGlobalSection
EndGlobal
