
Microsoft Visual Studio Solution File, Format Version 10.00
# Visual Studio 2008
Project("{8BC9CEB8-8B4A-11D0-8D11-00A0C91BC942}") = "A2300UsbLib", "A2300UsbLib.vcproj", "{88183079-7867-4C3F-9887-65D0003E325C}"
EndProject
Global
	GlobalSection(SolutionConfigurationPlatforms) = preSolution
		Debug|Win32 = Debug|Win32
		Release|Win32 = Release|Win32
	EndGlobalSection
	GlobalSection(ProjectConfigurationPlatforms) = postSolution
		{88183079-7867-4C3F-9887-65D0003E325C}.Debug|Win32.ActiveCfg = Debug|Win32
		{88183079-7867-4C3F-9887-65D0003E325C}.Debug|Win32.Build.0 = Debug|Win32
		{88183079-7867-4C3F-9887-65D0003E325C}.Release|Win32.ActiveCfg = Release|Win32
		{88183079-7867-4C3F-9887-65D0003E325C}.Release|Win32.Build.0 = Release|Win32
	EndGlobalSection
	GlobalSection(SolutionProperties) = preSolution
		HideSolutionNode = FALSE
	EndGlobalSection
EndGlobal
