
Microsoft Visual Studio Solution File, Format Version 10.00
# Visual Studio 2008
Project("{8BC9CEB8-8B4A-11D0-8D11-00A0C91BC942}") = "A2300Identify", "apps\A2300Identify\A2300Identify.vcproj", "{A93A8C1F-867E-4510-A4AF-78FCA6DB3B42}"
	ProjectSection(ProjectDependencies) = postProject
		{88183079-7867-4C3F-9887-65D0003E325C} = {88183079-7867-4C3F-9887-65D0003E325C}
		{DCFDE6F1-2FF1-4118-8CBB-178579CA0783} = {DCFDE6F1-2FF1-4118-8CBB-178579CA0783}
	EndProjectSection
EndProject
Project("{2150E333-8FDC-42A3-9474-1A3956D46DE8}") = "Apps", "Apps", "{FA4F5231-1FB4-4BFB-9785-6672B8CE8AB2}"
EndProject
Project("{2150E333-8FDC-42A3-9474-1A3956D46DE8}") = "lib", "lib", "{24D02698-AB80-422C-A76E-4EDAF810E2DF}"
EndProject
Project("{8BC9CEB8-8B4A-11D0-8D11-00A0C91BC942}") = "A2300Update", "apps\A2300Update\A2300Update.vcproj", "{A3A5B742-E7CC-4775-A6AE-AB1BDCC333FC}"
	ProjectSection(ProjectDependencies) = postProject
		{88183079-7867-4C3F-9887-65D0003E325C} = {88183079-7867-4C3F-9887-65D0003E325C}
		{DCFDE6F1-2FF1-4118-8CBB-178579CA0783} = {DCFDE6F1-2FF1-4118-8CBB-178579CA0783}
	EndProjectSection
EndProject
Project("{8BC9CEB8-8B4A-11D0-8D11-00A0C91BC942}") = "A2300Usb", "lib\A2300Usb\A2300UsbLib.vcproj", "{88183079-7867-4C3F-9887-65D0003E325C}"
	ProjectSection(ProjectDependencies) = postProject
		{DCFDE6F1-2FF1-4118-8CBB-178579CA0783} = {DCFDE6F1-2FF1-4118-8CBB-178579CA0783}
	EndProjectSection
EndProject
Project("{8BC9CEB8-8B4A-11D0-8D11-00A0C91BC942}") = "A2300Common", "..\common\A2300Common.vcproj", "{DCFDE6F1-2FF1-4118-8CBB-178579CA0783}"
EndProject
Project("{8BC9CEB8-8B4A-11D0-8D11-00A0C91BC942}") = "A2300RxToFile", "apps\A2300RxToFile\A2300RxToFile.vcproj", "{A2CB3134-0644-40EC-987A-D919E9ED3570}"
	ProjectSection(ProjectDependencies) = postProject
		{88183079-7867-4C3F-9887-65D0003E325C} = {88183079-7867-4C3F-9887-65D0003E325C}
		{DCFDE6F1-2FF1-4118-8CBB-178579CA0783} = {DCFDE6F1-2FF1-4118-8CBB-178579CA0783}
	EndProjectSection
EndProject
Project("{54435603-DBB4-11D2-8724-00A0C9A8B90C}") = "A2300ApiSetup", "apps\A2300Win32ApiSetup\A2300Win32ApiSetup.vdproj", "{390E300F-0593-47A5-B3A8-DF32241FAB2A}"
	ProjectSection(ProjectDependencies) = postProject
		{A48D0290-7D77-4896-933C-D0FC6AA947EB} = {A48D0290-7D77-4896-933C-D0FC6AA947EB}
		{C4603ED6-B498-4768-8A0F-6D81361E9085} = {C4603ED6-B498-4768-8A0F-6D81361E9085}
	EndProjectSection
EndProject
Project("{8BC9CEB8-8B4A-11D0-8D11-00A0C91BC942}") = "A2300Demo", "apps\A2300CustomHdlDemo\A2300Demo.vcproj", "{C4603ED6-B498-4768-8A0F-6D81361E9085}"
	ProjectSection(ProjectDependencies) = postProject
		{88183079-7867-4C3F-9887-65D0003E325C} = {88183079-7867-4C3F-9887-65D0003E325C}
		{DCFDE6F1-2FF1-4118-8CBB-178579CA0783} = {DCFDE6F1-2FF1-4118-8CBB-178579CA0783}
	EndProjectSection
EndProject
Project("{8BC9CEB8-8B4A-11D0-8D11-00A0C91BC942}") = "A2300SensorDemo", "apps\A2300SensorDemo\A2300SensorDemo.vcproj", "{A48D0290-7D77-4896-933C-D0FC6AA947EB}"
	ProjectSection(ProjectDependencies) = postProject
		{88183079-7867-4C3F-9887-65D0003E325C} = {88183079-7867-4C3F-9887-65D0003E325C}
		{DCFDE6F1-2FF1-4118-8CBB-178579CA0783} = {DCFDE6F1-2FF1-4118-8CBB-178579CA0783}
	EndProjectSection
EndProject
Project("{8BC9CEB8-8B4A-11D0-8D11-00A0C91BC942}") = "TeaPotDemo", "apps\InvensenseTeapotDemo\TeaPot.vcproj", "{8A4E2057-262C-4B47-B1BC-FED11B766EED}"
	ProjectSection(ProjectDependencies) = postProject
		{88183079-7867-4C3F-9887-65D0003E325C} = {88183079-7867-4C3F-9887-65D0003E325C}
		{DCFDE6F1-2FF1-4118-8CBB-178579CA0783} = {DCFDE6F1-2FF1-4118-8CBB-178579CA0783}
	EndProjectSection
EndProject
Project("{8BC9CEB8-8B4A-11D0-8D11-00A0C91BC942}") = "DualRxToFile", "apps\DualRxToFile\DualRxToFile.vcproj", "{73B64709-270F-4A35-8FCF-AA48CADB80F5}"
	ProjectSection(ProjectDependencies) = postProject
		{88183079-7867-4C3F-9887-65D0003E325C} = {88183079-7867-4C3F-9887-65D0003E325C}
	EndProjectSection
EndProject
Project("{8BC9CEB8-8B4A-11D0-8D11-00A0C91BC942}") = "A2300Calibrate", "apps\A2300Calibrate\A2300Calibrate.vcproj", "{F2817D77-5DA3-4295-9825-B81A5B234979}"
EndProject
Project("{8BC9CEB8-8B4A-11D0-8D11-00A0C91BC942}") = "TxDemo", "apps\TxDemo\TxDemo.vcproj", "{9F0F3AD5-656D-4692-939B-97FC811437EE}"
EndProject
Global
	GlobalSection(SolutionConfigurationPlatforms) = preSolution
		Debug|Win32 = Debug|Win32
		Debug|x64 = Debug|x64
		Release|Win32 = Release|Win32
		Release|x64 = Release|x64
	EndGlobalSection
	GlobalSection(ProjectConfigurationPlatforms) = postSolution
		{A93A8C1F-867E-4510-A4AF-78FCA6DB3B42}.Debug|Win32.ActiveCfg = Debug|Win32
		{A93A8C1F-867E-4510-A4AF-78FCA6DB3B42}.Debug|Win32.Build.0 = Debug|Win32
		{A93A8C1F-867E-4510-A4AF-78FCA6DB3B42}.Debug|x64.ActiveCfg = Debug|x64
		{A93A8C1F-867E-4510-A4AF-78FCA6DB3B42}.Debug|x64.Build.0 = Debug|x64
		{A93A8C1F-867E-4510-A4AF-78FCA6DB3B42}.Release|Win32.ActiveCfg = Release|Win32
		{A93A8C1F-867E-4510-A4AF-78FCA6DB3B42}.Release|Win32.Build.0 = Release|Win32
		{A93A8C1F-867E-4510-A4AF-78FCA6DB3B42}.Release|x64.ActiveCfg = Release|x64
		{A93A8C1F-867E-4510-A4AF-78FCA6DB3B42}.Release|x64.Build.0 = Release|x64
		{A3A5B742-E7CC-4775-A6AE-AB1BDCC333FC}.Debug|Win32.ActiveCfg = Debug|Win32
		{A3A5B742-E7CC-4775-A6AE-AB1BDCC333FC}.Debug|Win32.Build.0 = Debug|Win32
		{A3A5B742-E7CC-4775-A6AE-AB1BDCC333FC}.Debug|x64.ActiveCfg = Debug|x64
		{A3A5B742-E7CC-4775-A6AE-AB1BDCC333FC}.Debug|x64.Build.0 = Debug|x64
		{A3A5B742-E7CC-4775-A6AE-AB1BDCC333FC}.Release|Win32.ActiveCfg = Release|Win32
		{A3A5B742-E7CC-4775-A6AE-AB1BDCC333FC}.Release|Win32.Build.0 = Release|Win32
		{A3A5B742-E7CC-4775-A6AE-AB1BDCC333FC}.Release|x64.ActiveCfg = Release|x64
		{A3A5B742-E7CC-4775-A6AE-AB1BDCC333FC}.Release|x64.Build.0 = Release|x64
		{88183079-7867-4C3F-9887-65D0003E325C}.Debug|Win32.ActiveCfg = Debug|Win32
		{88183079-7867-4C3F-9887-65D0003E325C}.Debug|Win32.Build.0 = Debug|Win32
		{88183079-7867-4C3F-9887-65D0003E325C}.Debug|x64.ActiveCfg = Debug|x64
		{88183079-7867-4C3F-9887-65D0003E325C}.Debug|x64.Build.0 = Debug|x64
		{88183079-7867-4C3F-9887-65D0003E325C}.Release|Win32.ActiveCfg = Release|Win32
		{88183079-7867-4C3F-9887-65D0003E325C}.Release|Win32.Build.0 = Release|Win32
		{88183079-7867-4C3F-9887-65D0003E325C}.Release|x64.ActiveCfg = Release|x64
		{88183079-7867-4C3F-9887-65D0003E325C}.Release|x64.Build.0 = Release|x64
		{DCFDE6F1-2FF1-4118-8CBB-178579CA0783}.Debug|Win32.ActiveCfg = Debug|Win32
		{DCFDE6F1-2FF1-4118-8CBB-178579CA0783}.Debug|Win32.Build.0 = Debug|Win32
		{DCFDE6F1-2FF1-4118-8CBB-178579CA0783}.Debug|x64.ActiveCfg = Debug|x64
		{DCFDE6F1-2FF1-4118-8CBB-178579CA0783}.Debug|x64.Build.0 = Debug|x64
		{DCFDE6F1-2FF1-4118-8CBB-178579CA0783}.Release|Win32.ActiveCfg = Release|Win32
		{DCFDE6F1-2FF1-4118-8CBB-178579CA0783}.Release|Win32.Build.0 = Release|Win32
		{DCFDE6F1-2FF1-4118-8CBB-178579CA0783}.Release|x64.ActiveCfg = Release|x64
		{DCFDE6F1-2FF1-4118-8CBB-178579CA0783}.Release|x64.Build.0 = Release|x64
		{A2CB3134-0644-40EC-987A-D919E9ED3570}.Debug|Win32.ActiveCfg = Debug|Win32
		{A2CB3134-0644-40EC-987A-D919E9ED3570}.Debug|Win32.Build.0 = Debug|Win32
		{A2CB3134-0644-40EC-987A-D919E9ED3570}.Debug|x64.ActiveCfg = Debug|x64
		{A2CB3134-0644-40EC-987A-D919E9ED3570}.Debug|x64.Build.0 = Debug|x64
		{A2CB3134-0644-40EC-987A-D919E9ED3570}.Release|Win32.ActiveCfg = Release|Win32
		{A2CB3134-0644-40EC-987A-D919E9ED3570}.Release|Win32.Build.0 = Release|Win32
		{A2CB3134-0644-40EC-987A-D919E9ED3570}.Release|x64.ActiveCfg = Release|x64
		{A2CB3134-0644-40EC-987A-D919E9ED3570}.Release|x64.Build.0 = Release|x64
		{390E300F-0593-47A5-B3A8-DF32241FAB2A}.Debug|Win32.ActiveCfg = Debug
		{390E300F-0593-47A5-B3A8-DF32241FAB2A}.Debug|x64.ActiveCfg = Debug
		{390E300F-0593-47A5-B3A8-DF32241FAB2A}.Release|Win32.ActiveCfg = Release
		{390E300F-0593-47A5-B3A8-DF32241FAB2A}.Release|x64.ActiveCfg = Release
		{390E300F-0593-47A5-B3A8-DF32241FAB2A}.Release|x64.Build.0 = Release
		{C4603ED6-B498-4768-8A0F-6D81361E9085}.Debug|Win32.ActiveCfg = Debug|Win32
		{C4603ED6-B498-4768-8A0F-6D81361E9085}.Debug|Win32.Build.0 = Debug|Win32
		{C4603ED6-B498-4768-8A0F-6D81361E9085}.Debug|x64.ActiveCfg = Debug|x64
		{C4603ED6-B498-4768-8A0F-6D81361E9085}.Debug|x64.Build.0 = Debug|x64
		{C4603ED6-B498-4768-8A0F-6D81361E9085}.Release|Win32.ActiveCfg = Release|Win32
		{C4603ED6-B498-4768-8A0F-6D81361E9085}.Release|Win32.Build.0 = Release|Win32
		{C4603ED6-B498-4768-8A0F-6D81361E9085}.Release|x64.ActiveCfg = Release|x64
		{C4603ED6-B498-4768-8A0F-6D81361E9085}.Release|x64.Build.0 = Release|x64
		{A48D0290-7D77-4896-933C-D0FC6AA947EB}.Debug|Win32.ActiveCfg = Debug|Win32
		{A48D0290-7D77-4896-933C-D0FC6AA947EB}.Debug|Win32.Build.0 = Debug|Win32
		{A48D0290-7D77-4896-933C-D0FC6AA947EB}.Debug|x64.ActiveCfg = Debug|x64
		{A48D0290-7D77-4896-933C-D0FC6AA947EB}.Debug|x64.Build.0 = Debug|x64
		{A48D0290-7D77-4896-933C-D0FC6AA947EB}.Release|Win32.ActiveCfg = Release|Win32
		{A48D0290-7D77-4896-933C-D0FC6AA947EB}.Release|Win32.Build.0 = Release|Win32
		{A48D0290-7D77-4896-933C-D0FC6AA947EB}.Release|x64.ActiveCfg = Release|x64
		{A48D0290-7D77-4896-933C-D0FC6AA947EB}.Release|x64.Build.0 = Release|x64
		{8A4E2057-262C-4B47-B1BC-FED11B766EED}.Debug|Win32.ActiveCfg = Debug|Win32
		{8A4E2057-262C-4B47-B1BC-FED11B766EED}.Debug|Win32.Build.0 = Debug|Win32
		{8A4E2057-262C-4B47-B1BC-FED11B766EED}.Debug|x64.ActiveCfg = Debug|x64
		{8A4E2057-262C-4B47-B1BC-FED11B766EED}.Debug|x64.Build.0 = Debug|x64
		{8A4E2057-262C-4B47-B1BC-FED11B766EED}.Release|Win32.ActiveCfg = Release|Win32
		{8A4E2057-262C-4B47-B1BC-FED11B766EED}.Release|Win32.Build.0 = Release|Win32
		{8A4E2057-262C-4B47-B1BC-FED11B766EED}.Release|x64.ActiveCfg = Release|x64
		{8A4E2057-262C-4B47-B1BC-FED11B766EED}.Release|x64.Build.0 = Release|x64
		{73B64709-270F-4A35-8FCF-AA48CADB80F5}.Debug|Win32.ActiveCfg = Debug|Win32
		{73B64709-270F-4A35-8FCF-AA48CADB80F5}.Debug|Win32.Build.0 = Debug|Win32
		{73B64709-270F-4A35-8FCF-AA48CADB80F5}.Debug|x64.ActiveCfg = Debug|x64
		{73B64709-270F-4A35-8FCF-AA48CADB80F5}.Debug|x64.Build.0 = Debug|x64
		{73B64709-270F-4A35-8FCF-AA48CADB80F5}.Release|Win32.ActiveCfg = Release|Win32
		{73B64709-270F-4A35-8FCF-AA48CADB80F5}.Release|Win32.Build.0 = Release|Win32
		{73B64709-270F-4A35-8FCF-AA48CADB80F5}.Release|x64.ActiveCfg = Release|x64
		{73B64709-270F-4A35-8FCF-AA48CADB80F5}.Release|x64.Build.0 = Release|x64
		{F2817D77-5DA3-4295-9825-B81A5B234979}.Debug|Win32.ActiveCfg = Debug|Win32
		{F2817D77-5DA3-4295-9825-B81A5B234979}.Debug|Win32.Build.0 = Debug|Win32
		{F2817D77-5DA3-4295-9825-B81A5B234979}.Debug|x64.ActiveCfg = Debug|Win32
		{F2817D77-5DA3-4295-9825-B81A5B234979}.Release|Win32.ActiveCfg = Release|Win32
		{F2817D77-5DA3-4295-9825-B81A5B234979}.Release|Win32.Build.0 = Release|Win32
		{F2817D77-5DA3-4295-9825-B81A5B234979}.Release|x64.ActiveCfg = Release|x64
		{F2817D77-5DA3-4295-9825-B81A5B234979}.Release|x64.Build.0 = Release|x64
		{9F0F3AD5-656D-4692-939B-97FC811437EE}.Debug|Win32.ActiveCfg = Debug|Win32
		{9F0F3AD5-656D-4692-939B-97FC811437EE}.Debug|Win32.Build.0 = Debug|Win32
		{9F0F3AD5-656D-4692-939B-97FC811437EE}.Debug|x64.ActiveCfg = Debug|x64
		{9F0F3AD5-656D-4692-939B-97FC811437EE}.Debug|x64.Build.0 = Debug|x64
		{9F0F3AD5-656D-4692-939B-97FC811437EE}.Release|Win32.ActiveCfg = Release|Win32
		{9F0F3AD5-656D-4692-939B-97FC811437EE}.Release|Win32.Build.0 = Release|Win32
		{9F0F3AD5-656D-4692-939B-97FC811437EE}.Release|x64.ActiveCfg = Release|x64
		{9F0F3AD5-656D-4692-939B-97FC811437EE}.Release|x64.Build.0 = Release|x64
	EndGlobalSection
	GlobalSection(SolutionProperties) = preSolution
		HideSolutionNode = FALSE
	EndGlobalSection
	GlobalSection(NestedProjects) = preSolution
		{A93A8C1F-867E-4510-A4AF-78FCA6DB3B42} = {FA4F5231-1FB4-4BFB-9785-6672B8CE8AB2}
		{A3A5B742-E7CC-4775-A6AE-AB1BDCC333FC} = {FA4F5231-1FB4-4BFB-9785-6672B8CE8AB2}
		{A2CB3134-0644-40EC-987A-D919E9ED3570} = {FA4F5231-1FB4-4BFB-9785-6672B8CE8AB2}
		{C4603ED6-B498-4768-8A0F-6D81361E9085} = {FA4F5231-1FB4-4BFB-9785-6672B8CE8AB2}
		{A48D0290-7D77-4896-933C-D0FC6AA947EB} = {FA4F5231-1FB4-4BFB-9785-6672B8CE8AB2}
		{8A4E2057-262C-4B47-B1BC-FED11B766EED} = {FA4F5231-1FB4-4BFB-9785-6672B8CE8AB2}
		{73B64709-270F-4A35-8FCF-AA48CADB80F5} = {FA4F5231-1FB4-4BFB-9785-6672B8CE8AB2}
		{F2817D77-5DA3-4295-9825-B81A5B234979} = {FA4F5231-1FB4-4BFB-9785-6672B8CE8AB2}
		{9F0F3AD5-656D-4692-939B-97FC811437EE} = {FA4F5231-1FB4-4BFB-9785-6672B8CE8AB2}
		{88183079-7867-4C3F-9887-65D0003E325C} = {24D02698-AB80-422C-A76E-4EDAF810E2DF}
	EndGlobalSection
EndGlobal
